
Microsoft Visual Studio Solution File, Format Version 12.00
# Visual Studio Version 17
VisualStudioVersion = 17.0.31919.166
MinimumVisualStudioVersion = 10.0.40219.1
Project("{2150E333-8FDC-42A3-9474-1A3956D46DE8}") = "Services", "Services", "{ADFB71A3-6082-4ADC-A53A-BB9031B262A2}"
EndProject
Project("{2150E333-8FDC-42A3-9474-1A3956D46DE8}") = "Gateway", "Gateway", "{3BB1E631-D8AD-4839-9116-FAA80FCBA4ED}"
EndProject
Project("{2150E333-8FDC-42A3-9474-1A3956D46DE8}") = "src", "src", "{2F3D0BAB-79E0-4C2D-BCCA-3D5207D650A7}"
EndProject
Project("{2150E333-8FDC-42A3-9474-1A3956D46DE8}") = "docker", "docker", "{DCAFFC4C-EA4D-4426-A0B3-A0CF422A7ED3}"
	ProjectSection(SolutionItems) = preProject
		docker\docker-compose.yml = docker\docker-compose.yml
		DockerfileGateway = DockerfileGateway
		DockerfileNotification = DockerfileNotification
		DockerfileUser = DockerfileUser
		DockerfileValidation = DockerfileValidation
	EndProjectSection
EndProject
Project("{9A19103F-16F7-4668-BE54-9A1E7A4F7556}") = "UserService", "Services\User\UserService\UserService.csproj", "{F604C3A3-485C-48DC-A2B6-0672032E06BE}"
EndProject
Project("{2150E333-8FDC-42A3-9474-1A3956D46DE8}") = "User", "User", "{E50FE185-3FA3-47C5-A360-43B8121A5A2C}"
EndProject
Project("{9A19103F-16F7-4668-BE54-9A1E7A4F7556}") = "UserService.Domain", "Services\User\UserService.Domain\UserService.Domain.csproj", "{59BEFCBC-CD92-4A97-A539-A632859E8E35}"
EndProject
Project("{2150E333-8FDC-42A3-9474-1A3956D46DE8}") = "Common", "Common", "{B87490AD-FB54-4FE5-930E-5BCC13C6FBEA}"
EndProject
Project("{9A19103F-16F7-4668-BE54-9A1E7A4F7556}") = "Integrations", "Common\Integrations.csproj", "{83F5014A-D22F-40CE-A956-E6BDBACAF8FE}"
EndProject
Project("{2150E333-8FDC-42A3-9474-1A3956D46DE8}") = "Notifications", "Notifications", "{15072716-F474-489B-BE97-96CF0DCF6257}"
EndProject
Project("{9A19103F-16F7-4668-BE54-9A1E7A4F7556}") = "NotificationService", "Services\Notification\NotificationService\NotificationService.csproj", "{E6C8BC18-8D00-45F1-9792-5D33BCB576F2}"
EndProject
Project("{9A19103F-16F7-4668-BE54-9A1E7A4F7556}") = "NotificationService.Domain", "Services\Notification\NotificationService.Domain\NotificationService.Domain.csproj", "{ECA06742-10E6-4E0D-A369-D268E2F3F433}"
EndProject
Project("{9A19103F-16F7-4668-BE54-9A1E7A4F7556}") = "ValidationService", "Services\Validation\ValidationService\ValidationService.csproj", "{7B3F4B90-F382-4B36-8B6C-920A06D6D09C}"
EndProject
Project("{2150E333-8FDC-42A3-9474-1A3956D46DE8}") = "Validation", "Validation", "{9B6540DB-378F-41CA-8200-EBEB4162FDCA}"
EndProject
Project("{9A19103F-16F7-4668-BE54-9A1E7A4F7556}") = "Utils", "Utils\Utils.csproj", "{F5847FF8-0FA8-4FD9-A5D2-FF22A0538BDF}"
EndProject
Project("{9A19103F-16F7-4668-BE54-9A1E7A4F7556}") = "Gateway", "Gateway\Gateway.csproj", "{30467FC1-CDC1-41F4-A3D1-E6F12B9A21A8}"
EndProject
Global
	GlobalSection(SolutionConfigurationPlatforms) = preSolution
		Debug|Any CPU = Debug|Any CPU
		Release|Any CPU = Release|Any CPU
	EndGlobalSection
	GlobalSection(ProjectConfigurationPlatforms) = postSolution
		{F604C3A3-485C-48DC-A2B6-0672032E06BE}.Debug|Any CPU.ActiveCfg = Debug|Any CPU
		{F604C3A3-485C-48DC-A2B6-0672032E06BE}.Debug|Any CPU.Build.0 = Debug|Any CPU
		{F604C3A3-485C-48DC-A2B6-0672032E06BE}.Release|Any CPU.ActiveCfg = Release|Any CPU
		{F604C3A3-485C-48DC-A2B6-0672032E06BE}.Release|Any CPU.Build.0 = Release|Any CPU
		{59BEFCBC-CD92-4A97-A539-A632859E8E35}.Debug|Any CPU.ActiveCfg = Debug|Any CPU
		{59BEFCBC-CD92-4A97-A539-A632859E8E35}.Debug|Any CPU.Build.0 = Debug|Any CPU
		{59BEFCBC-CD92-4A97-A539-A632859E8E35}.Release|Any CPU.ActiveCfg = Release|Any CPU
		{59BEFCBC-CD92-4A97-A539-A632859E8E35}.Release|Any CPU.Build.0 = Release|Any CPU
		{83F5014A-D22F-40CE-A956-E6BDBACAF8FE}.Debug|Any CPU.ActiveCfg = Debug|Any CPU
		{83F5014A-D22F-40CE-A956-E6BDBACAF8FE}.Debug|Any CPU.Build.0 = Debug|Any CPU
		{83F5014A-D22F-40CE-A956-E6BDBACAF8FE}.Release|Any CPU.ActiveCfg = Release|Any CPU
		{83F5014A-D22F-40CE-A956-E6BDBACAF8FE}.Release|Any CPU.Build.0 = Release|Any CPU
		{E6C8BC18-8D00-45F1-9792-5D33BCB576F2}.Debug|Any CPU.ActiveCfg = Debug|Any CPU
		{E6C8BC18-8D00-45F1-9792-5D33BCB576F2}.Debug|Any CPU.Build.0 = Debug|Any CPU
		{E6C8BC18-8D00-45F1-9792-5D33BCB576F2}.Release|Any CPU.ActiveCfg = Release|Any CPU
		{E6C8BC18-8D00-45F1-9792-5D33BCB576F2}.Release|Any CPU.Build.0 = Release|Any CPU
		{ECA06742-10E6-4E0D-A369-D268E2F3F433}.Debug|Any CPU.ActiveCfg = Debug|Any CPU
		{ECA06742-10E6-4E0D-A369-D268E2F3F433}.Debug|Any CPU.Build.0 = Debug|Any CPU
		{ECA06742-10E6-4E0D-A369-D268E2F3F433}.Release|Any CPU.ActiveCfg = Release|Any CPU
		{ECA06742-10E6-4E0D-A369-D268E2F3F433}.Release|Any CPU.Build.0 = Release|Any CPU
		{7B3F4B90-F382-4B36-8B6C-920A06D6D09C}.Debug|Any CPU.ActiveCfg = Debug|Any CPU
		{7B3F4B90-F382-4B36-8B6C-920A06D6D09C}.Debug|Any CPU.Build.0 = Debug|Any CPU
		{7B3F4B90-F382-4B36-8B6C-920A06D6D09C}.Release|Any CPU.ActiveCfg = Release|Any CPU
		{7B3F4B90-F382-4B36-8B6C-920A06D6D09C}.Release|Any CPU.Build.0 = Release|Any CPU
		{F5847FF8-0FA8-4FD9-A5D2-FF22A0538BDF}.Debug|Any CPU.ActiveCfg = Debug|Any CPU
		{F5847FF8-0FA8-4FD9-A5D2-FF22A0538BDF}.Debug|Any CPU.Build.0 = Debug|Any CPU
		{F5847FF8-0FA8-4FD9-A5D2-FF22A0538BDF}.Release|Any CPU.ActiveCfg = Release|Any CPU
		{F5847FF8-0FA8-4FD9-A5D2-FF22A0538BDF}.Release|Any CPU.Build.0 = Release|Any CPU
		{30467FC1-CDC1-41F4-A3D1-E6F12B9A21A8}.Debug|Any CPU.ActiveCfg = Debug|Any CPU
		{30467FC1-CDC1-41F4-A3D1-E6F12B9A21A8}.Debug|Any CPU.Build.0 = Debug|Any CPU
		{30467FC1-CDC1-41F4-A3D1-E6F12B9A21A8}.Release|Any CPU.ActiveCfg = Release|Any CPU
		{30467FC1-CDC1-41F4-A3D1-E6F12B9A21A8}.Release|Any CPU.Build.0 = Release|Any CPU
	EndGlobalSection
	GlobalSection(SolutionProperties) = preSolution
		HideSolutionNode = FALSE
	EndGlobalSection
	GlobalSection(NestedProjects) = preSolution
		{ADFB71A3-6082-4ADC-A53A-BB9031B262A2} = {2F3D0BAB-79E0-4C2D-BCCA-3D5207D650A7}
		{3BB1E631-D8AD-4839-9116-FAA80FCBA4ED} = {2F3D0BAB-79E0-4C2D-BCCA-3D5207D650A7}
		{F604C3A3-485C-48DC-A2B6-0672032E06BE} = {E50FE185-3FA3-47C5-A360-43B8121A5A2C}
		{E50FE185-3FA3-47C5-A360-43B8121A5A2C} = {ADFB71A3-6082-4ADC-A53A-BB9031B262A2}
		{59BEFCBC-CD92-4A97-A539-A632859E8E35} = {E50FE185-3FA3-47C5-A360-43B8121A5A2C}
		{B87490AD-FB54-4FE5-930E-5BCC13C6FBEA} = {2F3D0BAB-79E0-4C2D-BCCA-3D5207D650A7}
		{83F5014A-D22F-40CE-A956-E6BDBACAF8FE} = {B87490AD-FB54-4FE5-930E-5BCC13C6FBEA}
		{15072716-F474-489B-BE97-96CF0DCF6257} = {ADFB71A3-6082-4ADC-A53A-BB9031B262A2}
		{E6C8BC18-8D00-45F1-9792-5D33BCB576F2} = {15072716-F474-489B-BE97-96CF0DCF6257}
		{ECA06742-10E6-4E0D-A369-D268E2F3F433} = {15072716-F474-489B-BE97-96CF0DCF6257}
		{7B3F4B90-F382-4B36-8B6C-920A06D6D09C} = {9B6540DB-378F-41CA-8200-EBEB4162FDCA}
		{9B6540DB-378F-41CA-8200-EBEB4162FDCA} = {ADFB71A3-6082-4ADC-A53A-BB9031B262A2}
		{F5847FF8-0FA8-4FD9-A5D2-FF22A0538BDF} = {B87490AD-FB54-4FE5-930E-5BCC13C6FBEA}
		{30467FC1-CDC1-41F4-A3D1-E6F12B9A21A8} = {3BB1E631-D8AD-4839-9116-FAA80FCBA4ED}
	EndGlobalSection
	GlobalSection(ExtensibilityGlobals) = postSolution
		SolutionGuid = {E25D5083-C963-42CF-B561-EEA9184395A1}
	EndGlobalSection
EndGlobal
